
Microsoft Visual Studio Solution File, Format Version 12.00
# Visual Studio Version 17
VisualStudioVersion = 17.8.34309.116
MinimumVisualStudioVersion = 10.0.40219.1
Project("{FAE04EC0-301F-11D3-BF4B-00C04F79EFBC}") = "FluentValidation.API", "FluentValidation.API\FluentValidation.API.csproj", "{38CB4EA7-104E-4F4D-9EAA-43C7B300CDE6}"
EndProject
Global
	GlobalSection(SolutionConfigurationPlatforms) = preSolution
		Debug|Any CPU = Debug|Any CPU
		Release|Any CPU = Release|Any CPU
	EndGlobalSection
	GlobalSection(ProjectConfigurationPlatforms) = postSolution
		{38CB4EA7-104E-4F4D-9EAA-43C7B300CDE6}.Debug|Any CPU.ActiveCfg = Debug|Any CPU
		{38CB4EA7-104E-4F4D-9EAA-43C7B300CDE6}.Debug|Any CPU.Build.0 = Debug|Any CPU
		{38CB4EA7-104E-4F4D-9EAA-43C7B300CDE6}.Release|Any CPU.ActiveCfg = Release|Any CPU
		{38CB4EA7-104E-4F4D-9EAA-43C7B300CDE6}.Release|Any CPU.Build.0 = Release|Any CPU
	EndGlobalSection
	GlobalSection(SolutionProperties) = preSolution
		HideSolutionNode = FALSE
	EndGlobalSection
	GlobalSection(ExtensibilityGlobals) = postSolution
		SolutionGuid = {FCBB251E-5D68-4F4D-8806-D1864EFEDB26}
	EndGlobalSection
EndGlobal
